
Microsoft Visual Studio Solution File, Format Version 11.00
# Visual Studio 2010
Project("{FAE04EC0-301F-11D3-BF4B-00C04F79EFBC}") = "ThreadDemo", "ThreadDemo.csproj", "{77FE89E1-1764-40AF-A710-B4CC44A7C44A}"
EndProject
Global
	GlobalSection(SolutionConfigurationPlatforms) = preSolution
		Debug|Any CPU = Debug|Any CPU
		Release|Any CPU = Release|Any CPU
	EndGlobalSection
	GlobalSection(ProjectConfigurationPlatforms) = postSolution
		{77FE89E1-1764-40AF-A710-B4CC44A7C44A}.Debug|Any CPU.ActiveCfg = Debug|Any CPU
		{77FE89E1-1764-40AF-A710-B4CC44A7C44A}.Debug|Any CPU.Build.0 = Debug|Any CPU
		{77FE89E1-1764-40AF-A710-B4CC44A7C44A}.Debug|Any CPU.Deploy.0 = Debug|Any CPU
		{77FE89E1-1764-40AF-A710-B4CC44A7C44A}.Release|Any CPU.ActiveCfg = Release|Any CPU
		{77FE89E1-1764-40AF-A710-B4CC44A7C44A}.Release|Any CPU.Build.0 = Release|Any CPU
		{77FE89E1-1764-40AF-A710-B4CC44A7C44A}.Release|Any CPU.Deploy.0 = Release|Any CPU
	EndGlobalSection
	GlobalSection(SolutionProperties) = preSolution
		HideSolutionNode = FALSE
	EndGlobalSection
EndGlobal
